
Microsoft Visual Studio Solution File, Format Version 12.00
# Visual Studio Version 17
VisualStudioVersion = 17.1.32228.430
MinimumVisualStudioVersion = 10.0.40219.1
Project("{8BC9CEB8-8B4A-11D0-8D11-00A0C91BC942}") = "cospro1_1", "cospro1_1\cospro1_1.vcxproj", "{A375655C-FC94-407E-9B6D-1E46E2A69FFC}"
EndProject
Project("{8BC9CEB8-8B4A-11D0-8D11-00A0C91BC942}") = "cospro1_2", "cospro1_2\cospro1_2.vcxproj", "{24CDC00C-C7B1-4F0A-AA6D-91DCC05B28CB}"
EndProject
Project("{8BC9CEB8-8B4A-11D0-8D11-00A0C91BC942}") = "cospro1_3", "채네개1_3\채네개1_3.vcxproj", "{7E34C5CD-73B2-4B5A-BD9E-5FDCD4FF7155}"
EndProject
Project("{8BC9CEB8-8B4A-11D0-8D11-00A0C91BC942}") = "cospro1_4", "cospro1_4\cospro1_4.vcxproj", "{5EE5D5F5-25A1-45BD-A9D0-689BE667FCB2}"
EndProject
Project("{8BC9CEB8-8B4A-11D0-8D11-00A0C91BC942}") = "cospro1_5", "cospro1_5\cospro1_5.vcxproj", "{1DFE308D-E8ED-4A44-B944-EB9F321F3518}"
EndProject
Project("{8BC9CEB8-8B4A-11D0-8D11-00A0C91BC942}") = "cospro1_6", "cospro1_6\cospro1_6.vcxproj", "{FF580C2B-BB46-4A35-96B4-AB329476DF90}"
EndProject
Project("{8BC9CEB8-8B4A-11D0-8D11-00A0C91BC942}") = "cospro1_7", "cospro1_7\cospro1_7.vcxproj", "{F64A6702-58FC-4E3F-B5FB-D6C50818D57F}"
EndProject
Project("{8BC9CEB8-8B4A-11D0-8D11-00A0C91BC942}") = "cospro1_8", "cospro1_8\cospro1_8.vcxproj", "{7C1CD509-D9BD-462D-AE70-B0C86F186EF3}"
EndProject
Project("{8BC9CEB8-8B4A-11D0-8D11-00A0C91BC942}") = "cospro1_9", "cospro1_9\cospro1_9.vcxproj", "{A84E93FF-7F11-4DD2-A1E6-6FF8DFF01E8F}"
EndProject
Project("{8BC9CEB8-8B4A-11D0-8D11-00A0C91BC942}") = "cospro1_10", "cospro1_10\cospro1_10.vcxproj", "{7E6E047B-CF0C-4017-B005-40352F9602EC}"
EndProject
Project("{8BC9CEB8-8B4A-11D0-8D11-00A0C91BC942}") = "cospro2_1", "cospro2_1\cospro2_1.vcxproj", "{C70C5A26-4056-46EA-B848-CC36093C08FF}"
EndProject
Project("{8BC9CEB8-8B4A-11D0-8D11-00A0C91BC942}") = "QuickSort", "QuickSort\QuickSort.vcxproj", "{35874136-3493-4CAD-90D8-E3429A8CE92D}"
EndProject
Project("{8BC9CEB8-8B4A-11D0-8D11-00A0C91BC942}") = "programars_01", "programars_01\programars_01.vcxproj", "{1514B1CD-5854-44F7-B2CD-4F5DC8D43A17}"
EndProject
Project("{8BC9CEB8-8B4A-11D0-8D11-00A0C91BC942}") = "programars_02", "programars_02\programars_02.vcxproj", "{9A08B95C-850F-4307-B2A2-19B67E7088E9}"
EndProject
Project("{8BC9CEB8-8B4A-11D0-8D11-00A0C91BC942}") = "programars_03", "programars_03\programars_03.vcxproj", "{A754501A-D26A-4F7F-9CBA-53888CFC8824}"
EndProject
Project("{8BC9CEB8-8B4A-11D0-8D11-00A0C91BC942}") = "ch08", "ch08\ch08.vcxproj", "{9E2B92A7-8759-4A23-A106-9AF548B781A0}"
EndProject
Project("{8BC9CEB8-8B4A-11D0-8D11-00A0C91BC942}") = "ch09_test", "ch09\ch09.vcxproj", "{81576F2F-2CFD-40E1-BEEF-E23FB57C837A}"
EndProject
Project("{8BC9CEB8-8B4A-11D0-8D11-00A0C91BC942}") = "cho10", "cho10\cho10.vcxproj", "{D76540B2-5956-406B-9FA6-806337E5A9B5}"
EndProject
Project("{8BC9CEB8-8B4A-11D0-8D11-00A0C91BC942}") = "chod", "chod\chod.vcxproj", "{ED58508D-42A3-4099-A1FF-57FB88917587}"
EndProject
Project("{8BC9CEB8-8B4A-11D0-8D11-00A0C91BC942}") = "choSort", "choSort\choSort.vcxproj", "{69846C1E-B4CB-4506-BD75-E216AB0DC214}"
EndProject
Project("{8BC9CEB8-8B4A-11D0-8D11-00A0C91BC942}") = "cospro5_3", "cospro5_3\cospro5_3.vcxproj", "{5408976E-C529-441C-B995-AD68569AA2F8}"
EndProject
Project("{8BC9CEB8-8B4A-11D0-8D11-00A0C91BC942}") = "cospro5_2", "cospro5_2\cospro5_2.vcxproj", "{3DF186F5-2609-4894-A037-E1E47CDE495C}"
EndProject
Project("{8BC9CEB8-8B4A-11D0-8D11-00A0C91BC942}") = "RadixSortDESC", "RadixSortDESC\RadixSortDESC.vcxproj", "{EE44672C-123C-47F1-9FB4-02753E28B674}"
EndProject
Project("{8BC9CEB8-8B4A-11D0-8D11-00A0C91BC942}") = "qsort", "qsort\qsort.vcxproj", "{AE4E70DD-87CD-40A1-80F5-97D08BBD3252}"
EndProject
Project("{8BC9CEB8-8B4A-11D0-8D11-00A0C91BC942}") = "SortExecutionTime", "SortExecutionTime\SortExecutionTime.vcxproj", "{34D4BE35-8013-4797-9CE9-594DDEB19B72}"
EndProject
Project("{8BC9CEB8-8B4A-11D0-8D11-00A0C91BC942}") = "cospro4_5", "cospro4_5\cospro4_5.vcxproj", "{14F8E688-B414-498A-A923-0757AE362F71}"
EndProject
Project("{8BC9CEB8-8B4A-11D0-8D11-00A0C91BC942}") = "cospro4_6", "cospro4_6\cospro4_6.vcxproj", "{E588C574-56B4-4C8E-A35F-BECEFE5DCDCA}"
EndProject
Project("{8BC9CEB8-8B4A-11D0-8D11-00A0C91BC942}") = "cospro4_9", "cospro4_9\cospro4_9.vcxproj", "{83FB35D1-B0C9-4CA8-9023-68F2CE95AD31}"
EndProject
Project("{8BC9CEB8-8B4A-11D0-8D11-00A0C91BC942}") = "cho0_BimarySearch", "cho0_BimarySearch\cho0_BimarySearch.vcxproj", "{54FD2454-2E86-40AD-88B6-ED48FECB7ECA}"
EndProject
Project("{8BC9CEB8-8B4A-11D0-8D11-00A0C91BC942}") = "InterpolationSearch", "InterpolationSearch\InterpolationSearch.vcxproj", "{4DB7FA95-2D62-4CA3-BF70-A5136225A951}"
EndProject
Project("{8BC9CEB8-8B4A-11D0-8D11-00A0C91BC942}") = "FibonacciSearch", "FibonacciSearch\FibonacciSearch.vcxproj", "{51E0E30F-54EF-4788-ADC0-7FDD5E0B0FA3}"
EndProject
Project("{8BC9CEB8-8B4A-11D0-8D11-00A0C91BC942}") = "stringSearch", "stringSearch\stringSearch.vcxproj", "{4106EE0D-BEF4-4768-8CEE-73FE3DC8F353}"
EndProject
Project("{8BC9CEB8-8B4A-11D0-8D11-00A0C91BC942}") = "ch09", "nameLIst\nameLIst.vcxproj", "{16D7D1EF-7DEC-46E6-B1E7-7C4261C3E364}"
EndProject
Project("{8BC9CEB8-8B4A-11D0-8D11-00A0C91BC942}") = "DepthFirstSearch", "DepthFirstSearch\DepthFirstSearch.vcxproj", "{1D3E51DD-91F2-49D9-925D-4B9F92BDADA4}"
EndProject
Project("{8BC9CEB8-8B4A-11D0-8D11-00A0C91BC942}") = "BreadthFirstSearch1", "BreadthFirstSearch1\BreadthFirstSearch1.vcxproj", "{4A39E4A9-BCB6-4457-9DF8-61D39E9553A4}"
EndProject
Project("{8BC9CEB8-8B4A-11D0-8D11-00A0C91BC942}") = "DijkstraShortestPath1_1", "DijkstraShortestPath1_1\DijkstraShortestPath1_1.vcxproj", "{BC34FE98-3F15-4859-A22C-D4CF71456576}"
EndProject
Project("{8BC9CEB8-8B4A-11D0-8D11-00A0C91BC942}") = "DijkstraShortestPath2", "DijkstraShortestPath2\DijkstraShortestPath2.vcxproj", "{1BF461F5-9999-4331-A7FD-D6B313555FA0}"
EndProject
Project("{8BC9CEB8-8B4A-11D0-8D11-00A0C91BC942}") = "RePermutation1test", "RePermutation1tes\RePermutation1tes.vcxproj", "{9034E256-A808-4DF2-A799-6B670AC28AA8}"
EndProject
Project("{8BC9CEB8-8B4A-11D0-8D11-00A0C91BC942}") = "RePermutation2.c", "RePermutation2.c\RePermutation2.c.vcxproj", "{0CA77AF2-5913-48BE-B0B3-A9B07E650429}"
EndProject
Project("{8BC9CEB8-8B4A-11D0-8D11-00A0C91BC942}") = "Permutation", "Permutation\Permutation.vcxproj", "{DB10C6FC-D4CD-4417-9783-53EE511E1F3E}"
EndProject
Project("{8BC9CEB8-8B4A-11D0-8D11-00A0C91BC942}") = "Combination.c", "Combination.c\Combination.c.vcxproj", "{FE862B81-99C6-434D-935C-BA7BA973D526}"
EndProject
Project("{8BC9CEB8-8B4A-11D0-8D11-00A0C91BC942}") = "'ReCombination.c", "'ReCombination.c\'ReCombination.c.vcxproj", "{57B202E9-CA9B-4A22-B0F5-1354B8F0898F}"
EndProject
Project("{8BC9CEB8-8B4A-11D0-8D11-00A0C91BC942}") = "InsertionSort", "InsertionSort\InsertionSort.vcxproj", "{1CEE1FF4-E2C6-4FD0-B8C6-311EC5D15171}"
EndProject
Project("{8BC9CEB8-8B4A-11D0-8D11-00A0C91BC942}") = "BubbleSort", "BubbleSort\BubbleSort.vcxproj", "{50B7FB2C-7549-4161-B2A8-A695F5CF7D4D}"
EndProject
Project("{8BC9CEB8-8B4A-11D0-8D11-00A0C91BC942}") = "ShellSort", "ShellSort\ShellSort.vcxproj", "{5FB1AF22-3076-418B-8DFF-D469C0AEEB8D}"
EndProject
Project("{8BC9CEB8-8B4A-11D0-8D11-00A0C91BC942}") = "QuickSort_Test", "QuickSort_Test\QuickSort_Test.vcxproj", "{56B37725-B1DB-4E9E-A389-F45FB686C936}"
EndProject
Project("{8BC9CEB8-8B4A-11D0-8D11-00A0C91BC942}") = "BinarySerach", "BinarySerach\BinarySerach.vcxproj", "{96AF521D-AED3-413B-B070-C142113421D3}"
EndProject
Project("{8BC9CEB8-8B4A-11D0-8D11-00A0C91BC942}") = "DepthFirstSerach", "DepthFirstSerach\DepthFirstSerach.vcxproj", "{98EDADEC-EE87-474D-A1C7-64C8D74C3FAA}"
EndProject
Project("{8BC9CEB8-8B4A-11D0-8D11-00A0C91BC942}") = "BreadthFirstSearch", "BreadthFirstSearch\BreadthFirstSearch.vcxproj", "{8C21FFE6-D339-496A-A0E0-1DEE3A5950C4}"
EndProject
Global
	GlobalSection(SolutionConfigurationPlatforms) = preSolution
		Debug|x64 = Debug|x64
		Debug|x86 = Debug|x86
		Release|x64 = Release|x64
		Release|x86 = Release|x86
	EndGlobalSection
	GlobalSection(ProjectConfigurationPlatforms) = postSolution
		{A375655C-FC94-407E-9B6D-1E46E2A69FFC}.Debug|x64.ActiveCfg = Debug|x64
		{A375655C-FC94-407E-9B6D-1E46E2A69FFC}.Debug|x64.Build.0 = Debug|x64
		{A375655C-FC94-407E-9B6D-1E46E2A69FFC}.Debug|x86.ActiveCfg = Debug|Win32
		{A375655C-FC94-407E-9B6D-1E46E2A69FFC}.Debug|x86.Build.0 = Debug|Win32
		{A375655C-FC94-407E-9B6D-1E46E2A69FFC}.Release|x64.ActiveCfg = Release|x64
		{A375655C-FC94-407E-9B6D-1E46E2A69FFC}.Release|x64.Build.0 = Release|x64
		{A375655C-FC94-407E-9B6D-1E46E2A69FFC}.Release|x86.ActiveCfg = Release|Win32
		{A375655C-FC94-407E-9B6D-1E46E2A69FFC}.Release|x86.Build.0 = Release|Win32
		{24CDC00C-C7B1-4F0A-AA6D-91DCC05B28CB}.Debug|x64.ActiveCfg = Debug|x64
		{24CDC00C-C7B1-4F0A-AA6D-91DCC05B28CB}.Debug|x64.Build.0 = Debug|x64
		{24CDC00C-C7B1-4F0A-AA6D-91DCC05B28CB}.Debug|x86.ActiveCfg = Debug|Win32
		{24CDC00C-C7B1-4F0A-AA6D-91DCC05B28CB}.Debug|x86.Build.0 = Debug|Win32
		{24CDC00C-C7B1-4F0A-AA6D-91DCC05B28CB}.Release|x64.ActiveCfg = Release|x64
		{24CDC00C-C7B1-4F0A-AA6D-91DCC05B28CB}.Release|x64.Build.0 = Release|x64
		{24CDC00C-C7B1-4F0A-AA6D-91DCC05B28CB}.Release|x86.ActiveCfg = Release|Win32
		{24CDC00C-C7B1-4F0A-AA6D-91DCC05B28CB}.Release|x86.Build.0 = Release|Win32
		{7E34C5CD-73B2-4B5A-BD9E-5FDCD4FF7155}.Debug|x64.ActiveCfg = Debug|x64
		{7E34C5CD-73B2-4B5A-BD9E-5FDCD4FF7155}.Debug|x64.Build.0 = Debug|x64
		{7E34C5CD-73B2-4B5A-BD9E-5FDCD4FF7155}.Debug|x86.ActiveCfg = Debug|Win32
		{7E34C5CD-73B2-4B5A-BD9E-5FDCD4FF7155}.Debug|x86.Build.0 = Debug|Win32
		{7E34C5CD-73B2-4B5A-BD9E-5FDCD4FF7155}.Release|x64.ActiveCfg = Release|x64
		{7E34C5CD-73B2-4B5A-BD9E-5FDCD4FF7155}.Release|x64.Build.0 = Release|x64
		{7E34C5CD-73B2-4B5A-BD9E-5FDCD4FF7155}.Release|x86.ActiveCfg = Release|Win32
		{7E34C5CD-73B2-4B5A-BD9E-5FDCD4FF7155}.Release|x86.Build.0 = Release|Win32
		{5EE5D5F5-25A1-45BD-A9D0-689BE667FCB2}.Debug|x64.ActiveCfg = Debug|x64
		{5EE5D5F5-25A1-45BD-A9D0-689BE667FCB2}.Debug|x64.Build.0 = Debug|x64
		{5EE5D5F5-25A1-45BD-A9D0-689BE667FCB2}.Debug|x86.ActiveCfg = Debug|Win32
		{5EE5D5F5-25A1-45BD-A9D0-689BE667FCB2}.Debug|x86.Build.0 = Debug|Win32
		{5EE5D5F5-25A1-45BD-A9D0-689BE667FCB2}.Release|x64.ActiveCfg = Release|x64
		{5EE5D5F5-25A1-45BD-A9D0-689BE667FCB2}.Release|x64.Build.0 = Release|x64
		{5EE5D5F5-25A1-45BD-A9D0-689BE667FCB2}.Release|x86.ActiveCfg = Release|Win32
		{5EE5D5F5-25A1-45BD-A9D0-689BE667FCB2}.Release|x86.Build.0 = Release|Win32
		{1DFE308D-E8ED-4A44-B944-EB9F321F3518}.Debug|x64.ActiveCfg = Debug|x64
		{1DFE308D-E8ED-4A44-B944-EB9F321F3518}.Debug|x64.Build.0 = Debug|x64
		{1DFE308D-E8ED-4A44-B944-EB9F321F3518}.Debug|x86.ActiveCfg = Debug|Win32
		{1DFE308D-E8ED-4A44-B944-EB9F321F3518}.Debug|x86.Build.0 = Debug|Win32
		{1DFE308D-E8ED-4A44-B944-EB9F321F3518}.Release|x64.ActiveCfg = Release|x64
		{1DFE308D-E8ED-4A44-B944-EB9F321F3518}.Release|x64.Build.0 = Release|x64
		{1DFE308D-E8ED-4A44-B944-EB9F321F3518}.Release|x86.ActiveCfg = Release|Win32
		{1DFE308D-E8ED-4A44-B944-EB9F321F3518}.Release|x86.Build.0 = Release|Win32
		{FF580C2B-BB46-4A35-96B4-AB329476DF90}.Debug|x64.ActiveCfg = Debug|x64
		{FF580C2B-BB46-4A35-96B4-AB329476DF90}.Debug|x64.Build.0 = Debug|x64
		{FF580C2B-BB46-4A35-96B4-AB329476DF90}.Debug|x86.ActiveCfg = Debug|Win32
		{FF580C2B-BB46-4A35-96B4-AB329476DF90}.Debug|x86.Build.0 = Debug|Win32
		{FF580C2B-BB46-4A35-96B4-AB329476DF90}.Release|x64.ActiveCfg = Release|x64
		{FF580C2B-BB46-4A35-96B4-AB329476DF90}.Release|x64.Build.0 = Release|x64
		{FF580C2B-BB46-4A35-96B4-AB329476DF90}.Release|x86.ActiveCfg = Release|Win32
		{FF580C2B-BB46-4A35-96B4-AB329476DF90}.Release|x86.Build.0 = Release|Win32
		{F64A6702-58FC-4E3F-B5FB-D6C50818D57F}.Debug|x64.ActiveCfg = Debug|x64
		{F64A6702-58FC-4E3F-B5FB-D6C50818D57F}.Debug|x64.Build.0 = Debug|x64
		{F64A6702-58FC-4E3F-B5FB-D6C50818D57F}.Debug|x86.ActiveCfg = Debug|Win32
		{F64A6702-58FC-4E3F-B5FB-D6C50818D57F}.Debug|x86.Build.0 = Debug|Win32
		{F64A6702-58FC-4E3F-B5FB-D6C50818D57F}.Release|x64.ActiveCfg = Release|x64
		{F64A6702-58FC-4E3F-B5FB-D6C50818D57F}.Release|x64.Build.0 = Release|x64
		{F64A6702-58FC-4E3F-B5FB-D6C50818D57F}.Release|x86.ActiveCfg = Release|Win32
		{F64A6702-58FC-4E3F-B5FB-D6C50818D57F}.Release|x86.Build.0 = Release|Win32
		{7C1CD509-D9BD-462D-AE70-B0C86F186EF3}.Debug|x64.ActiveCfg = Debug|x64
		{7C1CD509-D9BD-462D-AE70-B0C86F186EF3}.Debug|x64.Build.0 = Debug|x64
		{7C1CD509-D9BD-462D-AE70-B0C86F186EF3}.Debug|x86.ActiveCfg = Debug|Win32
		{7C1CD509-D9BD-462D-AE70-B0C86F186EF3}.Debug|x86.Build.0 = Debug|Win32
		{7C1CD509-D9BD-462D-AE70-B0C86F186EF3}.Release|x64.ActiveCfg = Release|x64
		{7C1CD509-D9BD-462D-AE70-B0C86F186EF3}.Release|x64.Build.0 = Release|x64
		{7C1CD509-D9BD-462D-AE70-B0C86F186EF3}.Release|x86.ActiveCfg = Release|Win32
		{7C1CD509-D9BD-462D-AE70-B0C86F186EF3}.Release|x86.Build.0 = Release|Win32
		{A84E93FF-7F11-4DD2-A1E6-6FF8DFF01E8F}.Debug|x64.ActiveCfg = Debug|x64
		{A84E93FF-7F11-4DD2-A1E6-6FF8DFF01E8F}.Debug|x64.Build.0 = Debug|x64
		{A84E93FF-7F11-4DD2-A1E6-6FF8DFF01E8F}.Debug|x86.ActiveCfg = Debug|Win32
		{A84E93FF-7F11-4DD2-A1E6-6FF8DFF01E8F}.Debug|x86.Build.0 = Debug|Win32
		{A84E93FF-7F11-4DD2-A1E6-6FF8DFF01E8F}.Release|x64.ActiveCfg = Release|x64
		{A84E93FF-7F11-4DD2-A1E6-6FF8DFF01E8F}.Release|x64.Build.0 = Release|x64
		{A84E93FF-7F11-4DD2-A1E6-6FF8DFF01E8F}.Release|x86.ActiveCfg = Release|Win32
		{A84E93FF-7F11-4DD2-A1E6-6FF8DFF01E8F}.Release|x86.Build.0 = Release|Win32
		{7E6E047B-CF0C-4017-B005-40352F9602EC}.Debug|x64.ActiveCfg = Debug|x64
		{7E6E047B-CF0C-4017-B005-40352F9602EC}.Debug|x64.Build.0 = Debug|x64
		{7E6E047B-CF0C-4017-B005-40352F9602EC}.Debug|x86.ActiveCfg = Debug|Win32
		{7E6E047B-CF0C-4017-B005-40352F9602EC}.Debug|x86.Build.0 = Debug|Win32
		{7E6E047B-CF0C-4017-B005-40352F9602EC}.Release|x64.ActiveCfg = Release|x64
		{7E6E047B-CF0C-4017-B005-40352F9602EC}.Release|x64.Build.0 = Release|x64
		{7E6E047B-CF0C-4017-B005-40352F9602EC}.Release|x86.ActiveCfg = Release|Win32
		{7E6E047B-CF0C-4017-B005-40352F9602EC}.Release|x86.Build.0 = Release|Win32
		{C70C5A26-4056-46EA-B848-CC36093C08FF}.Debug|x64.ActiveCfg = Debug|x64
		{C70C5A26-4056-46EA-B848-CC36093C08FF}.Debug|x64.Build.0 = Debug|x64
		{C70C5A26-4056-46EA-B848-CC36093C08FF}.Debug|x86.ActiveCfg = Debug|Win32
		{C70C5A26-4056-46EA-B848-CC36093C08FF}.Debug|x86.Build.0 = Debug|Win32
		{C70C5A26-4056-46EA-B848-CC36093C08FF}.Release|x64.ActiveCfg = Release|x64
		{C70C5A26-4056-46EA-B848-CC36093C08FF}.Release|x64.Build.0 = Release|x64
		{C70C5A26-4056-46EA-B848-CC36093C08FF}.Release|x86.ActiveCfg = Release|Win32
		{C70C5A26-4056-46EA-B848-CC36093C08FF}.Release|x86.Build.0 = Release|Win32
		{35874136-3493-4CAD-90D8-E3429A8CE92D}.Debug|x64.ActiveCfg = Debug|x64
		{35874136-3493-4CAD-90D8-E3429A8CE92D}.Debug|x64.Build.0 = Debug|x64
		{35874136-3493-4CAD-90D8-E3429A8CE92D}.Debug|x86.ActiveCfg = Debug|Win32
		{35874136-3493-4CAD-90D8-E3429A8CE92D}.Debug|x86.Build.0 = Debug|Win32
		{35874136-3493-4CAD-90D8-E3429A8CE92D}.Release|x64.ActiveCfg = Release|x64
		{35874136-3493-4CAD-90D8-E3429A8CE92D}.Release|x64.Build.0 = Release|x64
		{35874136-3493-4CAD-90D8-E3429A8CE92D}.Release|x86.ActiveCfg = Release|Win32
		{35874136-3493-4CAD-90D8-E3429A8CE92D}.Release|x86.Build.0 = Release|Win32
		{1514B1CD-5854-44F7-B2CD-4F5DC8D43A17}.Debug|x64.ActiveCfg = Debug|x64
		{1514B1CD-5854-44F7-B2CD-4F5DC8D43A17}.Debug|x64.Build.0 = Debug|x64
		{1514B1CD-5854-44F7-B2CD-4F5DC8D43A17}.Debug|x86.ActiveCfg = Debug|Win32
		{1514B1CD-5854-44F7-B2CD-4F5DC8D43A17}.Debug|x86.Build.0 = Debug|Win32
		{1514B1CD-5854-44F7-B2CD-4F5DC8D43A17}.Release|x64.ActiveCfg = Release|x64
		{1514B1CD-5854-44F7-B2CD-4F5DC8D43A17}.Release|x64.Build.0 = Release|x64
		{1514B1CD-5854-44F7-B2CD-4F5DC8D43A17}.Release|x86.ActiveCfg = Release|Win32
		{1514B1CD-5854-44F7-B2CD-4F5DC8D43A17}.Release|x86.Build.0 = Release|Win32
		{9A08B95C-850F-4307-B2A2-19B67E7088E9}.Debug|x64.ActiveCfg = Debug|x64
		{9A08B95C-850F-4307-B2A2-19B67E7088E9}.Debug|x64.Build.0 = Debug|x64
		{9A08B95C-850F-4307-B2A2-19B67E7088E9}.Debug|x86.ActiveCfg = Debug|Win32
		{9A08B95C-850F-4307-B2A2-19B67E7088E9}.Debug|x86.Build.0 = Debug|Win32
		{9A08B95C-850F-4307-B2A2-19B67E7088E9}.Release|x64.ActiveCfg = Release|x64
		{9A08B95C-850F-4307-B2A2-19B67E7088E9}.Release|x64.Build.0 = Release|x64
		{9A08B95C-850F-4307-B2A2-19B67E7088E9}.Release|x86.ActiveCfg = Release|Win32
		{9A08B95C-850F-4307-B2A2-19B67E7088E9}.Release|x86.Build.0 = Release|Win32
		{A754501A-D26A-4F7F-9CBA-53888CFC8824}.Debug|x64.ActiveCfg = Debug|x64
		{A754501A-D26A-4F7F-9CBA-53888CFC8824}.Debug|x64.Build.0 = Debug|x64
		{A754501A-D26A-4F7F-9CBA-53888CFC8824}.Debug|x86.ActiveCfg = Debug|Win32
		{A754501A-D26A-4F7F-9CBA-53888CFC8824}.Debug|x86.Build.0 = Debug|Win32
		{A754501A-D26A-4F7F-9CBA-53888CFC8824}.Release|x64.ActiveCfg = Release|x64
		{A754501A-D26A-4F7F-9CBA-53888CFC8824}.Release|x64.Build.0 = Release|x64
		{A754501A-D26A-4F7F-9CBA-53888CFC8824}.Release|x86.ActiveCfg = Release|Win32
		{A754501A-D26A-4F7F-9CBA-53888CFC8824}.Release|x86.Build.0 = Release|Win32
		{9E2B92A7-8759-4A23-A106-9AF548B781A0}.Debug|x64.ActiveCfg = Debug|x64
		{9E2B92A7-8759-4A23-A106-9AF548B781A0}.Debug|x64.Build.0 = Debug|x64
		{9E2B92A7-8759-4A23-A106-9AF548B781A0}.Debug|x86.ActiveCfg = Debug|Win32
		{9E2B92A7-8759-4A23-A106-9AF548B781A0}.Debug|x86.Build.0 = Debug|Win32
		{9E2B92A7-8759-4A23-A106-9AF548B781A0}.Release|x64.ActiveCfg = Release|x64
		{9E2B92A7-8759-4A23-A106-9AF548B781A0}.Release|x64.Build.0 = Release|x64
		{9E2B92A7-8759-4A23-A106-9AF548B781A0}.Release|x86.ActiveCfg = Release|Win32
		{9E2B92A7-8759-4A23-A106-9AF548B781A0}.Release|x86.Build.0 = Release|Win32
		{81576F2F-2CFD-40E1-BEEF-E23FB57C837A}.Debug|x64.ActiveCfg = Debug|x64
		{81576F2F-2CFD-40E1-BEEF-E23FB57C837A}.Debug|x64.Build.0 = Debug|x64
		{81576F2F-2CFD-40E1-BEEF-E23FB57C837A}.Debug|x86.ActiveCfg = Debug|Win32
		{81576F2F-2CFD-40E1-BEEF-E23FB57C837A}.Debug|x86.Build.0 = Debug|Win32
		{81576F2F-2CFD-40E1-BEEF-E23FB57C837A}.Release|x64.ActiveCfg = Release|x64
		{81576F2F-2CFD-40E1-BEEF-E23FB57C837A}.Release|x64.Build.0 = Release|x64
		{81576F2F-2CFD-40E1-BEEF-E23FB57C837A}.Release|x86.ActiveCfg = Release|Win32
		{81576F2F-2CFD-40E1-BEEF-E23FB57C837A}.Release|x86.Build.0 = Release|Win32
		{D76540B2-5956-406B-9FA6-806337E5A9B5}.Debug|x64.ActiveCfg = Debug|x64
		{D76540B2-5956-406B-9FA6-806337E5A9B5}.Debug|x64.Build.0 = Debug|x64
		{D76540B2-5956-406B-9FA6-806337E5A9B5}.Debug|x86.ActiveCfg = Debug|Win32
		{D76540B2-5956-406B-9FA6-806337E5A9B5}.Debug|x86.Build.0 = Debug|Win32
		{D76540B2-5956-406B-9FA6-806337E5A9B5}.Release|x64.ActiveCfg = Release|x64
		{D76540B2-5956-406B-9FA6-806337E5A9B5}.Release|x64.Build.0 = Release|x64
		{D76540B2-5956-406B-9FA6-806337E5A9B5}.Release|x86.ActiveCfg = Release|Win32
		{D76540B2-5956-406B-9FA6-806337E5A9B5}.Release|x86.Build.0 = Release|Win32
		{ED58508D-42A3-4099-A1FF-57FB88917587}.Debug|x64.ActiveCfg = Debug|x64
		{ED58508D-42A3-4099-A1FF-57FB88917587}.Debug|x64.Build.0 = Debug|x64
		{ED58508D-42A3-4099-A1FF-57FB88917587}.Debug|x86.ActiveCfg = Debug|Win32
		{ED58508D-42A3-4099-A1FF-57FB88917587}.Debug|x86.Build.0 = Debug|Win32
		{ED58508D-42A3-4099-A1FF-57FB88917587}.Release|x64.ActiveCfg = Release|x64
		{ED58508D-42A3-4099-A1FF-57FB88917587}.Release|x64.Build.0 = Release|x64
		{ED58508D-42A3-4099-A1FF-57FB88917587}.Release|x86.ActiveCfg = Release|Win32
		{ED58508D-42A3-4099-A1FF-57FB88917587}.Release|x86.Build.0 = Release|Win32
		{69846C1E-B4CB-4506-BD75-E216AB0DC214}.Debug|x64.ActiveCfg = Debug|x64
		{69846C1E-B4CB-4506-BD75-E216AB0DC214}.Debug|x64.Build.0 = Debug|x64
		{69846C1E-B4CB-4506-BD75-E216AB0DC214}.Debug|x86.ActiveCfg = Debug|Win32
		{69846C1E-B4CB-4506-BD75-E216AB0DC214}.Debug|x86.Build.0 = Debug|Win32
		{69846C1E-B4CB-4506-BD75-E216AB0DC214}.Release|x64.ActiveCfg = Release|x64
		{69846C1E-B4CB-4506-BD75-E216AB0DC214}.Release|x64.Build.0 = Release|x64
		{69846C1E-B4CB-4506-BD75-E216AB0DC214}.Release|x86.ActiveCfg = Release|Win32
		{69846C1E-B4CB-4506-BD75-E216AB0DC214}.Release|x86.Build.0 = Release|Win32
		{5408976E-C529-441C-B995-AD68569AA2F8}.Debug|x64.ActiveCfg = Debug|x64
		{5408976E-C529-441C-B995-AD68569AA2F8}.Debug|x64.Build.0 = Debug|x64
		{5408976E-C529-441C-B995-AD68569AA2F8}.Debug|x86.ActiveCfg = Debug|Win32
		{5408976E-C529-441C-B995-AD68569AA2F8}.Debug|x86.Build.0 = Debug|Win32
		{5408976E-C529-441C-B995-AD68569AA2F8}.Release|x64.ActiveCfg = Release|x64
		{5408976E-C529-441C-B995-AD68569AA2F8}.Release|x64.Build.0 = Release|x64
		{5408976E-C529-441C-B995-AD68569AA2F8}.Release|x86.ActiveCfg = Release|Win32
		{5408976E-C529-441C-B995-AD68569AA2F8}.Release|x86.Build.0 = Release|Win32
		{3DF186F5-2609-4894-A037-E1E47CDE495C}.Debug|x64.ActiveCfg = Debug|x64
		{3DF186F5-2609-4894-A037-E1E47CDE495C}.Debug|x64.Build.0 = Debug|x64
		{3DF186F5-2609-4894-A037-E1E47CDE495C}.Debug|x86.ActiveCfg = Debug|Win32
		{3DF186F5-2609-4894-A037-E1E47CDE495C}.Debug|x86.Build.0 = Debug|Win32
		{3DF186F5-2609-4894-A037-E1E47CDE495C}.Release|x64.ActiveCfg = Release|x64
		{3DF186F5-2609-4894-A037-E1E47CDE495C}.Release|x64.Build.0 = Release|x64
		{3DF186F5-2609-4894-A037-E1E47CDE495C}.Release|x86.ActiveCfg = Release|Win32
		{3DF186F5-2609-4894-A037-E1E47CDE495C}.Release|x86.Build.0 = Release|Win32
		{EE44672C-123C-47F1-9FB4-02753E28B674}.Debug|x64.ActiveCfg = Debug|x64
		{EE44672C-123C-47F1-9FB4-02753E28B674}.Debug|x64.Build.0 = Debug|x64
		{EE44672C-123C-47F1-9FB4-02753E28B674}.Debug|x86.ActiveCfg = Debug|Win32
		{EE44672C-123C-47F1-9FB4-02753E28B674}.Debug|x86.Build.0 = Debug|Win32
		{EE44672C-123C-47F1-9FB4-02753E28B674}.Release|x64.ActiveCfg = Release|x64
		{EE44672C-123C-47F1-9FB4-02753E28B674}.Release|x64.Build.0 = Release|x64
		{EE44672C-123C-47F1-9FB4-02753E28B674}.Release|x86.ActiveCfg = Release|Win32
		{EE44672C-123C-47F1-9FB4-02753E28B674}.Release|x86.Build.0 = Release|Win32
		{AE4E70DD-87CD-40A1-80F5-97D08BBD3252}.Debug|x64.ActiveCfg = Debug|x64
		{AE4E70DD-87CD-40A1-80F5-97D08BBD3252}.Debug|x64.Build.0 = Debug|x64
		{AE4E70DD-87CD-40A1-80F5-97D08BBD3252}.Debug|x86.ActiveCfg = Debug|Win32
		{AE4E70DD-87CD-40A1-80F5-97D08BBD3252}.Debug|x86.Build.0 = Debug|Win32
		{AE4E70DD-87CD-40A1-80F5-97D08BBD3252}.Release|x64.ActiveCfg = Release|x64
		{AE4E70DD-87CD-40A1-80F5-97D08BBD3252}.Release|x64.Build.0 = Release|x64
		{AE4E70DD-87CD-40A1-80F5-97D08BBD3252}.Release|x86.ActiveCfg = Release|Win32
		{AE4E70DD-87CD-40A1-80F5-97D08BBD3252}.Release|x86.Build.0 = Release|Win32
		{34D4BE35-8013-4797-9CE9-594DDEB19B72}.Debug|x64.ActiveCfg = Debug|x64
		{34D4BE35-8013-4797-9CE9-594DDEB19B72}.Debug|x64.Build.0 = Debug|x64
		{34D4BE35-8013-4797-9CE9-594DDEB19B72}.Debug|x86.ActiveCfg = Debug|Win32
		{34D4BE35-8013-4797-9CE9-594DDEB19B72}.Debug|x86.Build.0 = Debug|Win32
		{34D4BE35-8013-4797-9CE9-594DDEB19B72}.Release|x64.ActiveCfg = Release|x64
		{34D4BE35-8013-4797-9CE9-594DDEB19B72}.Release|x64.Build.0 = Release|x64
		{34D4BE35-8013-4797-9CE9-594DDEB19B72}.Release|x86.ActiveCfg = Release|Win32
		{34D4BE35-8013-4797-9CE9-594DDEB19B72}.Release|x86.Build.0 = Release|Win32
		{14F8E688-B414-498A-A923-0757AE362F71}.Debug|x64.ActiveCfg = Debug|x64
		{14F8E688-B414-498A-A923-0757AE362F71}.Debug|x64.Build.0 = Debug|x64
		{14F8E688-B414-498A-A923-0757AE362F71}.Debug|x86.ActiveCfg = Debug|Win32
		{14F8E688-B414-498A-A923-0757AE362F71}.Debug|x86.Build.0 = Debug|Win32
		{14F8E688-B414-498A-A923-0757AE362F71}.Release|x64.ActiveCfg = Release|x64
		{14F8E688-B414-498A-A923-0757AE362F71}.Release|x64.Build.0 = Release|x64
		{14F8E688-B414-498A-A923-0757AE362F71}.Release|x86.ActiveCfg = Release|Win32
		{14F8E688-B414-498A-A923-0757AE362F71}.Release|x86.Build.0 = Release|Win32
		{E588C574-56B4-4C8E-A35F-BECEFE5DCDCA}.Debug|x64.ActiveCfg = Debug|x64
		{E588C574-56B4-4C8E-A35F-BECEFE5DCDCA}.Debug|x64.Build.0 = Debug|x64
		{E588C574-56B4-4C8E-A35F-BECEFE5DCDCA}.Debug|x86.ActiveCfg = Debug|Win32
		{E588C574-56B4-4C8E-A35F-BECEFE5DCDCA}.Debug|x86.Build.0 = Debug|Win32
		{E588C574-56B4-4C8E-A35F-BECEFE5DCDCA}.Release|x64.ActiveCfg = Release|x64
		{E588C574-56B4-4C8E-A35F-BECEFE5DCDCA}.Release|x64.Build.0 = Release|x64
		{E588C574-56B4-4C8E-A35F-BECEFE5DCDCA}.Release|x86.ActiveCfg = Release|Win32
		{E588C574-56B4-4C8E-A35F-BECEFE5DCDCA}.Release|x86.Build.0 = Release|Win32
		{83FB35D1-B0C9-4CA8-9023-68F2CE95AD31}.Debug|x64.ActiveCfg = Debug|x64
		{83FB35D1-B0C9-4CA8-9023-68F2CE95AD31}.Debug|x64.Build.0 = Debug|x64
		{83FB35D1-B0C9-4CA8-9023-68F2CE95AD31}.Debug|x86.ActiveCfg = Debug|Win32
		{83FB35D1-B0C9-4CA8-9023-68F2CE95AD31}.Debug|x86.Build.0 = Debug|Win32
		{83FB35D1-B0C9-4CA8-9023-68F2CE95AD31}.Release|x64.ActiveCfg = Release|x64
		{83FB35D1-B0C9-4CA8-9023-68F2CE95AD31}.Release|x64.Build.0 = Release|x64
		{83FB35D1-B0C9-4CA8-9023-68F2CE95AD31}.Release|x86.ActiveCfg = Release|Win32
		{83FB35D1-B0C9-4CA8-9023-68F2CE95AD31}.Release|x86.Build.0 = Release|Win32
		{54FD2454-2E86-40AD-88B6-ED48FECB7ECA}.Debug|x64.ActiveCfg = Debug|x64
		{54FD2454-2E86-40AD-88B6-ED48FECB7ECA}.Debug|x64.Build.0 = Debug|x64
		{54FD2454-2E86-40AD-88B6-ED48FECB7ECA}.Debug|x86.ActiveCfg = Debug|Win32
		{54FD2454-2E86-40AD-88B6-ED48FECB7ECA}.Debug|x86.Build.0 = Debug|Win32
		{54FD2454-2E86-40AD-88B6-ED48FECB7ECA}.Release|x64.ActiveCfg = Release|x64
		{54FD2454-2E86-40AD-88B6-ED48FECB7ECA}.Release|x64.Build.0 = Release|x64
		{54FD2454-2E86-40AD-88B6-ED48FECB7ECA}.Release|x86.ActiveCfg = Release|Win32
		{54FD2454-2E86-40AD-88B6-ED48FECB7ECA}.Release|x86.Build.0 = Release|Win32
		{4DB7FA95-2D62-4CA3-BF70-A5136225A951}.Debug|x64.ActiveCfg = Debug|x64
		{4DB7FA95-2D62-4CA3-BF70-A5136225A951}.Debug|x64.Build.0 = Debug|x64
		{4DB7FA95-2D62-4CA3-BF70-A5136225A951}.Debug|x86.ActiveCfg = Debug|Win32
		{4DB7FA95-2D62-4CA3-BF70-A5136225A951}.Debug|x86.Build.0 = Debug|Win32
		{4DB7FA95-2D62-4CA3-BF70-A5136225A951}.Release|x64.ActiveCfg = Release|x64
		{4DB7FA95-2D62-4CA3-BF70-A5136225A951}.Release|x64.Build.0 = Release|x64
		{4DB7FA95-2D62-4CA3-BF70-A5136225A951}.Release|x86.ActiveCfg = Release|Win32
		{4DB7FA95-2D62-4CA3-BF70-A5136225A951}.Release|x86.Build.0 = Release|Win32
		{51E0E30F-54EF-4788-ADC0-7FDD5E0B0FA3}.Debug|x64.ActiveCfg = Debug|x64
		{51E0E30F-54EF-4788-ADC0-7FDD5E0B0FA3}.Debug|x64.Build.0 = Debug|x64
		{51E0E30F-54EF-4788-ADC0-7FDD5E0B0FA3}.Debug|x86.ActiveCfg = Debug|Win32
		{51E0E30F-54EF-4788-ADC0-7FDD5E0B0FA3}.Debug|x86.Build.0 = Debug|Win32
		{51E0E30F-54EF-4788-ADC0-7FDD5E0B0FA3}.Release|x64.ActiveCfg = Release|x64
		{51E0E30F-54EF-4788-ADC0-7FDD5E0B0FA3}.Release|x64.Build.0 = Release|x64
		{51E0E30F-54EF-4788-ADC0-7FDD5E0B0FA3}.Release|x86.ActiveCfg = Release|Win32
		{51E0E30F-54EF-4788-ADC0-7FDD5E0B0FA3}.Release|x86.Build.0 = Release|Win32
		{4106EE0D-BEF4-4768-8CEE-73FE3DC8F353}.Debug|x64.ActiveCfg = Debug|x64
		{4106EE0D-BEF4-4768-8CEE-73FE3DC8F353}.Debug|x64.Build.0 = Debug|x64
		{4106EE0D-BEF4-4768-8CEE-73FE3DC8F353}.Debug|x86.ActiveCfg = Debug|Win32
		{4106EE0D-BEF4-4768-8CEE-73FE3DC8F353}.Debug|x86.Build.0 = Debug|Win32
		{4106EE0D-BEF4-4768-8CEE-73FE3DC8F353}.Release|x64.ActiveCfg = Release|x64
		{4106EE0D-BEF4-4768-8CEE-73FE3DC8F353}.Release|x64.Build.0 = Release|x64
		{4106EE0D-BEF4-4768-8CEE-73FE3DC8F353}.Release|x86.ActiveCfg = Release|Win32
		{4106EE0D-BEF4-4768-8CEE-73FE3DC8F353}.Release|x86.Build.0 = Release|Win32
		{16D7D1EF-7DEC-46E6-B1E7-7C4261C3E364}.Debug|x64.ActiveCfg = Debug|x64
		{16D7D1EF-7DEC-46E6-B1E7-7C4261C3E364}.Debug|x64.Build.0 = Debug|x64
		{16D7D1EF-7DEC-46E6-B1E7-7C4261C3E364}.Debug|x86.ActiveCfg = Debug|Win32
		{16D7D1EF-7DEC-46E6-B1E7-7C4261C3E364}.Debug|x86.Build.0 = Debug|Win32
		{16D7D1EF-7DEC-46E6-B1E7-7C4261C3E364}.Release|x64.ActiveCfg = Release|x64
		{16D7D1EF-7DEC-46E6-B1E7-7C4261C3E364}.Release|x64.Build.0 = Release|x64
		{16D7D1EF-7DEC-46E6-B1E7-7C4261C3E364}.Release|x86.ActiveCfg = Release|Win32
		{16D7D1EF-7DEC-46E6-B1E7-7C4261C3E364}.Release|x86.Build.0 = Release|Win32
		{1D3E51DD-91F2-49D9-925D-4B9F92BDADA4}.Debug|x64.ActiveCfg = Debug|x64
		{1D3E51DD-91F2-49D9-925D-4B9F92BDADA4}.Debug|x64.Build.0 = Debug|x64
		{1D3E51DD-91F2-49D9-925D-4B9F92BDADA4}.Debug|x86.ActiveCfg = Debug|Win32
		{1D3E51DD-91F2-49D9-925D-4B9F92BDADA4}.Debug|x86.Build.0 = Debug|Win32
		{1D3E51DD-91F2-49D9-925D-4B9F92BDADA4}.Release|x64.ActiveCfg = Release|x64
		{1D3E51DD-91F2-49D9-925D-4B9F92BDADA4}.Release|x64.Build.0 = Release|x64
		{1D3E51DD-91F2-49D9-925D-4B9F92BDADA4}.Release|x86.ActiveCfg = Release|Win32
		{1D3E51DD-91F2-49D9-925D-4B9F92BDADA4}.Release|x86.Build.0 = Release|Win32
		{4A39E4A9-BCB6-4457-9DF8-61D39E9553A4}.Debug|x64.ActiveCfg = Debug|x64
		{4A39E4A9-BCB6-4457-9DF8-61D39E9553A4}.Debug|x64.Build.0 = Debug|x64
		{4A39E4A9-BCB6-4457-9DF8-61D39E9553A4}.Debug|x86.ActiveCfg = Debug|Win32
		{4A39E4A9-BCB6-4457-9DF8-61D39E9553A4}.Debug|x86.Build.0 = Debug|Win32
		{4A39E4A9-BCB6-4457-9DF8-61D39E9553A4}.Release|x64.ActiveCfg = Release|x64
		{4A39E4A9-BCB6-4457-9DF8-61D39E9553A4}.Release|x64.Build.0 = Release|x64
		{4A39E4A9-BCB6-4457-9DF8-61D39E9553A4}.Release|x86.ActiveCfg = Release|Win32
		{4A39E4A9-BCB6-4457-9DF8-61D39E9553A4}.Release|x86.Build.0 = Release|Win32
		{BC34FE98-3F15-4859-A22C-D4CF71456576}.Debug|x64.ActiveCfg = Debug|x64
		{BC34FE98-3F15-4859-A22C-D4CF71456576}.Debug|x64.Build.0 = Debug|x64
		{BC34FE98-3F15-4859-A22C-D4CF71456576}.Debug|x86.ActiveCfg = Debug|Win32
		{BC34FE98-3F15-4859-A22C-D4CF71456576}.Debug|x86.Build.0 = Debug|Win32
		{BC34FE98-3F15-4859-A22C-D4CF71456576}.Release|x64.ActiveCfg = Release|x64
		{BC34FE98-3F15-4859-A22C-D4CF71456576}.Release|x64.Build.0 = Release|x64
		{BC34FE98-3F15-4859-A22C-D4CF71456576}.Release|x86.ActiveCfg = Release|Win32
		{BC34FE98-3F15-4859-A22C-D4CF71456576}.Release|x86.Build.0 = Release|Win32
		{1BF461F5-9999-4331-A7FD-D6B313555FA0}.Debug|x64.ActiveCfg = Debug|x64
		{1BF461F5-9999-4331-A7FD-D6B313555FA0}.Debug|x64.Build.0 = Debug|x64
		{1BF461F5-9999-4331-A7FD-D6B313555FA0}.Debug|x86.ActiveCfg = Debug|Win32
		{1BF461F5-9999-4331-A7FD-D6B313555FA0}.Debug|x86.Build.0 = Debug|Win32
		{1BF461F5-9999-4331-A7FD-D6B313555FA0}.Release|x64.ActiveCfg = Release|x64
		{1BF461F5-9999-4331-A7FD-D6B313555FA0}.Release|x64.Build.0 = Release|x64
		{1BF461F5-9999-4331-A7FD-D6B313555FA0}.Release|x86.ActiveCfg = Release|Win32
		{1BF461F5-9999-4331-A7FD-D6B313555FA0}.Release|x86.Build.0 = Release|Win32
		{9034E256-A808-4DF2-A799-6B670AC28AA8}.Debug|x64.ActiveCfg = Debug|x64
		{9034E256-A808-4DF2-A799-6B670AC28AA8}.Debug|x64.Build.0 = Debug|x64
		{9034E256-A808-4DF2-A799-6B670AC28AA8}.Debug|x86.ActiveCfg = Debug|Win32
		{9034E256-A808-4DF2-A799-6B670AC28AA8}.Debug|x86.Build.0 = Debug|Win32
		{9034E256-A808-4DF2-A799-6B670AC28AA8}.Release|x64.ActiveCfg = Release|x64
		{9034E256-A808-4DF2-A799-6B670AC28AA8}.Release|x64.Build.0 = Release|x64
		{9034E256-A808-4DF2-A799-6B670AC28AA8}.Release|x86.ActiveCfg = Release|Win32
		{9034E256-A808-4DF2-A799-6B670AC28AA8}.Release|x86.Build.0 = Release|Win32
		{0CA77AF2-5913-48BE-B0B3-A9B07E650429}.Debug|x64.ActiveCfg = Debug|x64
		{0CA77AF2-5913-48BE-B0B3-A9B07E650429}.Debug|x64.Build.0 = Debug|x64
		{0CA77AF2-5913-48BE-B0B3-A9B07E650429}.Debug|x86.ActiveCfg = Debug|Win32
		{0CA77AF2-5913-48BE-B0B3-A9B07E650429}.Debug|x86.Build.0 = Debug|Win32
		{0CA77AF2-5913-48BE-B0B3-A9B07E650429}.Release|x64.ActiveCfg = Release|x64
		{0CA77AF2-5913-48BE-B0B3-A9B07E650429}.Release|x64.Build.0 = Release|x64
		{0CA77AF2-5913-48BE-B0B3-A9B07E650429}.Release|x86.ActiveCfg = Release|Win32
		{0CA77AF2-5913-48BE-B0B3-A9B07E650429}.Release|x86.Build.0 = Release|Win32
		{DB10C6FC-D4CD-4417-9783-53EE511E1F3E}.Debug|x64.ActiveCfg = Debug|x64
		{DB10C6FC-D4CD-4417-9783-53EE511E1F3E}.Debug|x64.Build.0 = Debug|x64
		{DB10C6FC-D4CD-4417-9783-53EE511E1F3E}.Debug|x86.ActiveCfg = Debug|Win32
		{DB10C6FC-D4CD-4417-9783-53EE511E1F3E}.Debug|x86.Build.0 = Debug|Win32
		{DB10C6FC-D4CD-4417-9783-53EE511E1F3E}.Release|x64.ActiveCfg = Release|x64
		{DB10C6FC-D4CD-4417-9783-53EE511E1F3E}.Release|x64.Build.0 = Release|x64
		{DB10C6FC-D4CD-4417-9783-53EE511E1F3E}.Release|x86.ActiveCfg = Release|Win32
		{DB10C6FC-D4CD-4417-9783-53EE511E1F3E}.Release|x86.Build.0 = Release|Win32
		{FE862B81-99C6-434D-935C-BA7BA973D526}.Debug|x64.ActiveCfg = Debug|x64
		{FE862B81-99C6-434D-935C-BA7BA973D526}.Debug|x64.Build.0 = Debug|x64
		{FE862B81-99C6-434D-935C-BA7BA973D526}.Debug|x86.ActiveCfg = Debug|Win32
		{FE862B81-99C6-434D-935C-BA7BA973D526}.Debug|x86.Build.0 = Debug|Win32
		{FE862B81-99C6-434D-935C-BA7BA973D526}.Release|x64.ActiveCfg = Release|x64
		{FE862B81-99C6-434D-935C-BA7BA973D526}.Release|x64.Build.0 = Release|x64
		{FE862B81-99C6-434D-935C-BA7BA973D526}.Release|x86.ActiveCfg = Release|Win32
		{FE862B81-99C6-434D-935C-BA7BA973D526}.Release|x86.Build.0 = Release|Win32
		{57B202E9-CA9B-4A22-B0F5-1354B8F0898F}.Debug|x64.ActiveCfg = Debug|x64
		{57B202E9-CA9B-4A22-B0F5-1354B8F0898F}.Debug|x64.Build.0 = Debug|x64
		{57B202E9-CA9B-4A22-B0F5-1354B8F0898F}.Debug|x86.ActiveCfg = Debug|Win32
		{57B202E9-CA9B-4A22-B0F5-1354B8F0898F}.Debug|x86.Build.0 = Debug|Win32
		{57B202E9-CA9B-4A22-B0F5-1354B8F0898F}.Release|x64.ActiveCfg = Release|x64
		{57B202E9-CA9B-4A22-B0F5-1354B8F0898F}.Release|x64.Build.0 = Release|x64
		{57B202E9-CA9B-4A22-B0F5-1354B8F0898F}.Release|x86.ActiveCfg = Release|Win32
		{57B202E9-CA9B-4A22-B0F5-1354B8F0898F}.Release|x86.Build.0 = Release|Win32
		{1CEE1FF4-E2C6-4FD0-B8C6-311EC5D15171}.Debug|x64.ActiveCfg = Debug|x64
		{1CEE1FF4-E2C6-4FD0-B8C6-311EC5D15171}.Debug|x64.Build.0 = Debug|x64
		{1CEE1FF4-E2C6-4FD0-B8C6-311EC5D15171}.Debug|x86.ActiveCfg = Debug|Win32
		{1CEE1FF4-E2C6-4FD0-B8C6-311EC5D15171}.Debug|x86.Build.0 = Debug|Win32
		{1CEE1FF4-E2C6-4FD0-B8C6-311EC5D15171}.Release|x64.ActiveCfg = Release|x64
		{1CEE1FF4-E2C6-4FD0-B8C6-311EC5D15171}.Release|x64.Build.0 = Release|x64
		{1CEE1FF4-E2C6-4FD0-B8C6-311EC5D15171}.Release|x86.ActiveCfg = Release|Win32
		{1CEE1FF4-E2C6-4FD0-B8C6-311EC5D15171}.Release|x86.Build.0 = Release|Win32
		{50B7FB2C-7549-4161-B2A8-A695F5CF7D4D}.Debug|x64.ActiveCfg = Debug|x64
		{50B7FB2C-7549-4161-B2A8-A695F5CF7D4D}.Debug|x64.Build.0 = Debug|x64
		{50B7FB2C-7549-4161-B2A8-A695F5CF7D4D}.Debug|x86.ActiveCfg = Debug|Win32
		{50B7FB2C-7549-4161-B2A8-A695F5CF7D4D}.Debug|x86.Build.0 = Debug|Win32
		{50B7FB2C-7549-4161-B2A8-A695F5CF7D4D}.Release|x64.ActiveCfg = Release|x64
		{50B7FB2C-7549-4161-B2A8-A695F5CF7D4D}.Release|x64.Build.0 = Release|x64
		{50B7FB2C-7549-4161-B2A8-A695F5CF7D4D}.Release|x86.ActiveCfg = Release|Win32
		{50B7FB2C-7549-4161-B2A8-A695F5CF7D4D}.Release|x86.Build.0 = Release|Win32
		{5FB1AF22-3076-418B-8DFF-D469C0AEEB8D}.Debug|x64.ActiveCfg = Debug|x64
		{5FB1AF22-3076-418B-8DFF-D469C0AEEB8D}.Debug|x64.Build.0 = Debug|x64
		{5FB1AF22-3076-418B-8DFF-D469C0AEEB8D}.Debug|x86.ActiveCfg = Debug|Win32
		{5FB1AF22-3076-418B-8DFF-D469C0AEEB8D}.Debug|x86.Build.0 = Debug|Win32
		{5FB1AF22-3076-418B-8DFF-D469C0AEEB8D}.Release|x64.ActiveCfg = Release|x64
		{5FB1AF22-3076-418B-8DFF-D469C0AEEB8D}.Release|x64.Build.0 = Release|x64
		{5FB1AF22-3076-418B-8DFF-D469C0AEEB8D}.Release|x86.ActiveCfg = Release|Win32
		{5FB1AF22-3076-418B-8DFF-D469C0AEEB8D}.Release|x86.Build.0 = Release|Win32
		{56B37725-B1DB-4E9E-A389-F45FB686C936}.Debug|x64.ActiveCfg = Debug|x64
		{56B37725-B1DB-4E9E-A389-F45FB686C936}.Debug|x64.Build.0 = Debug|x64
		{56B37725-B1DB-4E9E-A389-F45FB686C936}.Debug|x86.ActiveCfg = Debug|Win32
		{56B37725-B1DB-4E9E-A389-F45FB686C936}.Debug|x86.Build.0 = Debug|Win32
		{56B37725-B1DB-4E9E-A389-F45FB686C936}.Release|x64.ActiveCfg = Release|x64
		{56B37725-B1DB-4E9E-A389-F45FB686C936}.Release|x64.Build.0 = Release|x64
		{56B37725-B1DB-4E9E-A389-F45FB686C936}.Release|x86.ActiveCfg = Release|Win32
		{56B37725-B1DB-4E9E-A389-F45FB686C936}.Release|x86.Build.0 = Release|Win32
		{96AF521D-AED3-413B-B070-C142113421D3}.Debug|x64.ActiveCfg = Debug|x64
		{96AF521D-AED3-413B-B070-C142113421D3}.Debug|x64.Build.0 = Debug|x64
		{96AF521D-AED3-413B-B070-C142113421D3}.Debug|x86.ActiveCfg = Debug|Win32
		{96AF521D-AED3-413B-B070-C142113421D3}.Debug|x86.Build.0 = Debug|Win32
		{96AF521D-AED3-413B-B070-C142113421D3}.Release|x64.ActiveCfg = Release|x64
		{96AF521D-AED3-413B-B070-C142113421D3}.Release|x64.Build.0 = Release|x64
		{96AF521D-AED3-413B-B070-C142113421D3}.Release|x86.ActiveCfg = Release|Win32
		{96AF521D-AED3-413B-B070-C142113421D3}.Release|x86.Build.0 = Release|Win32
		{98EDADEC-EE87-474D-A1C7-64C8D74C3FAA}.Debug|x64.ActiveCfg = Debug|x64
		{98EDADEC-EE87-474D-A1C7-64C8D74C3FAA}.Debug|x64.Build.0 = Debug|x64
		{98EDADEC-EE87-474D-A1C7-64C8D74C3FAA}.Debug|x86.ActiveCfg = Debug|Win32
		{98EDADEC-EE87-474D-A1C7-64C8D74C3FAA}.Debug|x86.Build.0 = Debug|Win32
		{98EDADEC-EE87-474D-A1C7-64C8D74C3FAA}.Release|x64.ActiveCfg = Release|x64
		{98EDADEC-EE87-474D-A1C7-64C8D74C3FAA}.Release|x64.Build.0 = Release|x64
		{98EDADEC-EE87-474D-A1C7-64C8D74C3FAA}.Release|x86.ActiveCfg = Release|Win32
		{98EDADEC-EE87-474D-A1C7-64C8D74C3FAA}.Release|x86.Build.0 = Release|Win32
		{8C21FFE6-D339-496A-A0E0-1DEE3A5950C4}.Debug|x64.ActiveCfg = Debug|x64
		{8C21FFE6-D339-496A-A0E0-1DEE3A5950C4}.Debug|x64.Build.0 = Debug|x64
		{8C21FFE6-D339-496A-A0E0-1DEE3A5950C4}.Debug|x86.ActiveCfg = Debug|Win32
		{8C21FFE6-D339-496A-A0E0-1DEE3A5950C4}.Debug|x86.Build.0 = Debug|Win32
		{8C21FFE6-D339-496A-A0E0-1DEE3A5950C4}.Release|x64.ActiveCfg = Release|x64
		{8C21FFE6-D339-496A-A0E0-1DEE3A5950C4}.Release|x64.Build.0 = Release|x64
		{8C21FFE6-D339-496A-A0E0-1DEE3A5950C4}.Release|x86.ActiveCfg = Release|Win32
		{8C21FFE6-D339-496A-A0E0-1DEE3A5950C4}.Release|x86.Build.0 = Release|Win32
	EndGlobalSection
	GlobalSection(SolutionProperties) = preSolution
		HideSolutionNode = FALSE
	EndGlobalSection
	GlobalSection(ExtensibilityGlobals) = postSolution
		SolutionGuid = {EFD85E68-7E4E-46DA-86F0-C3765F931A04}
	EndGlobalSection
EndGlobal
