
Microsoft Visual Studio Solution File, Format Version 12.00
# Visual Studio Version 17
VisualStudioVersion = 17.1.32228.430
MinimumVisualStudioVersion = 10.0.40219.1
Project("{8BC9CEB8-8B4A-11D0-8D11-00A0C91BC942}") = "cospro1_1", "cospro1_1\cospro1_1.vcxproj", "{A375655C-FC94-407E-9B6D-1E46E2A69FFC}"
EndProject
Project("{8BC9CEB8-8B4A-11D0-8D11-00A0C91BC942}") = "cospro1_2", "cospro1_2\cospro1_2.vcxproj", "{24CDC00C-C7B1-4F0A-AA6D-91DCC05B28CB}"
EndProject
Project("{8BC9CEB8-8B4A-11D0-8D11-00A0C91BC942}") = "cospro1_3", "채네개1_3\채네개1_3.vcxproj", "{7E34C5CD-73B2-4B5A-BD9E-5FDCD4FF7155}"
EndProject
Project("{8BC9CEB8-8B4A-11D0-8D11-00A0C91BC942}") = "cospro1_4", "cospro1_4\cospro1_4.vcxproj", "{5EE5D5F5-25A1-45BD-A9D0-689BE667FCB2}"
EndProject
Project("{8BC9CEB8-8B4A-11D0-8D11-00A0C91BC942}") = "cospro1_5", "cospro1_5\cospro1_5.vcxproj", "{1DFE308D-E8ED-4A44-B944-EB9F321F3518}"
EndProject
Project("{8BC9CEB8-8B4A-11D0-8D11-00A0C91BC942}") = "cospro1_6", "cospro1_6\cospro1_6.vcxproj", "{FF580C2B-BB46-4A35-96B4-AB329476DF90}"
EndProject
Global
	GlobalSection(SolutionConfigurationPlatforms) = preSolution
		Debug|x64 = Debug|x64
		Debug|x86 = Debug|x86
		Release|x64 = Release|x64
		Release|x86 = Release|x86
	EndGlobalSection
	GlobalSection(ProjectConfigurationPlatforms) = postSolution
		{A375655C-FC94-407E-9B6D-1E46E2A69FFC}.Debug|x64.ActiveCfg = Debug|x64
		{A375655C-FC94-407E-9B6D-1E46E2A69FFC}.Debug|x64.Build.0 = Debug|x64
		{A375655C-FC94-407E-9B6D-1E46E2A69FFC}.Debug|x86.ActiveCfg = Debug|Win32
		{A375655C-FC94-407E-9B6D-1E46E2A69FFC}.Debug|x86.Build.0 = Debug|Win32
		{A375655C-FC94-407E-9B6D-1E46E2A69FFC}.Release|x64.ActiveCfg = Release|x64
		{A375655C-FC94-407E-9B6D-1E46E2A69FFC}.Release|x64.Build.0 = Release|x64
		{A375655C-FC94-407E-9B6D-1E46E2A69FFC}.Release|x86.ActiveCfg = Release|Win32
		{A375655C-FC94-407E-9B6D-1E46E2A69FFC}.Release|x86.Build.0 = Release|Win32
		{24CDC00C-C7B1-4F0A-AA6D-91DCC05B28CB}.Debug|x64.ActiveCfg = Debug|x64
		{24CDC00C-C7B1-4F0A-AA6D-91DCC05B28CB}.Debug|x64.Build.0 = Debug|x64
		{24CDC00C-C7B1-4F0A-AA6D-91DCC05B28CB}.Debug|x86.ActiveCfg = Debug|Win32
		{24CDC00C-C7B1-4F0A-AA6D-91DCC05B28CB}.Debug|x86.Build.0 = Debug|Win32
		{24CDC00C-C7B1-4F0A-AA6D-91DCC05B28CB}.Release|x64.ActiveCfg = Release|x64
		{24CDC00C-C7B1-4F0A-AA6D-91DCC05B28CB}.Release|x64.Build.0 = Release|x64
		{24CDC00C-C7B1-4F0A-AA6D-91DCC05B28CB}.Release|x86.ActiveCfg = Release|Win32
		{24CDC00C-C7B1-4F0A-AA6D-91DCC05B28CB}.Release|x86.Build.0 = Release|Win32
		{7E34C5CD-73B2-4B5A-BD9E-5FDCD4FF7155}.Debug|x64.ActiveCfg = Debug|x64
		{7E34C5CD-73B2-4B5A-BD9E-5FDCD4FF7155}.Debug|x64.Build.0 = Debug|x64
		{7E34C5CD-73B2-4B5A-BD9E-5FDCD4FF7155}.Debug|x86.ActiveCfg = Debug|Win32
		{7E34C5CD-73B2-4B5A-BD9E-5FDCD4FF7155}.Debug|x86.Build.0 = Debug|Win32
		{7E34C5CD-73B2-4B5A-BD9E-5FDCD4FF7155}.Release|x64.ActiveCfg = Release|x64
		{7E34C5CD-73B2-4B5A-BD9E-5FDCD4FF7155}.Release|x64.Build.0 = Release|x64
		{7E34C5CD-73B2-4B5A-BD9E-5FDCD4FF7155}.Release|x86.ActiveCfg = Release|Win32
		{7E34C5CD-73B2-4B5A-BD9E-5FDCD4FF7155}.Release|x86.Build.0 = Release|Win32
		{5EE5D5F5-25A1-45BD-A9D0-689BE667FCB2}.Debug|x64.ActiveCfg = Debug|x64
		{5EE5D5F5-25A1-45BD-A9D0-689BE667FCB2}.Debug|x64.Build.0 = Debug|x64
		{5EE5D5F5-25A1-45BD-A9D0-689BE667FCB2}.Debug|x86.ActiveCfg = Debug|Win32
		{5EE5D5F5-25A1-45BD-A9D0-689BE667FCB2}.Debug|x86.Build.0 = Debug|Win32
		{5EE5D5F5-25A1-45BD-A9D0-689BE667FCB2}.Release|x64.ActiveCfg = Release|x64
		{5EE5D5F5-25A1-45BD-A9D0-689BE667FCB2}.Release|x64.Build.0 = Release|x64
		{5EE5D5F5-25A1-45BD-A9D0-689BE667FCB2}.Release|x86.ActiveCfg = Release|Win32
		{5EE5D5F5-25A1-45BD-A9D0-689BE667FCB2}.Release|x86.Build.0 = Release|Win32
		{1DFE308D-E8ED-4A44-B944-EB9F321F3518}.Debug|x64.ActiveCfg = Debug|x64
		{1DFE308D-E8ED-4A44-B944-EB9F321F3518}.Debug|x64.Build.0 = Debug|x64
		{1DFE308D-E8ED-4A44-B944-EB9F321F3518}.Debug|x86.ActiveCfg = Debug|Win32
		{1DFE308D-E8ED-4A44-B944-EB9F321F3518}.Debug|x86.Build.0 = Debug|Win32
		{1DFE308D-E8ED-4A44-B944-EB9F321F3518}.Release|x64.ActiveCfg = Release|x64
		{1DFE308D-E8ED-4A44-B944-EB9F321F3518}.Release|x64.Build.0 = Release|x64
		{1DFE308D-E8ED-4A44-B944-EB9F321F3518}.Release|x86.ActiveCfg = Release|Win32
		{1DFE308D-E8ED-4A44-B944-EB9F321F3518}.Release|x86.Build.0 = Release|Win32
		{FF580C2B-BB46-4A35-96B4-AB329476DF90}.Debug|x64.ActiveCfg = Debug|x64
		{FF580C2B-BB46-4A35-96B4-AB329476DF90}.Debug|x64.Build.0 = Debug|x64
		{FF580C2B-BB46-4A35-96B4-AB329476DF90}.Debug|x86.ActiveCfg = Debug|Win32
		{FF580C2B-BB46-4A35-96B4-AB329476DF90}.Debug|x86.Build.0 = Debug|Win32
		{FF580C2B-BB46-4A35-96B4-AB329476DF90}.Release|x64.ActiveCfg = Release|x64
		{FF580C2B-BB46-4A35-96B4-AB329476DF90}.Release|x64.Build.0 = Release|x64
		{FF580C2B-BB46-4A35-96B4-AB329476DF90}.Release|x86.ActiveCfg = Release|Win32
		{FF580C2B-BB46-4A35-96B4-AB329476DF90}.Release|x86.Build.0 = Release|Win32
	EndGlobalSection
	GlobalSection(SolutionProperties) = preSolution
		HideSolutionNode = FALSE
	EndGlobalSection
	GlobalSection(ExtensibilityGlobals) = postSolution
		SolutionGuid = {EFD85E68-7E4E-46DA-86F0-C3765F931A04}
	EndGlobalSection
EndGlobal
